
Microsoft Visual Studio Solution File, Format Version 12.00
# Visual Studio 15
Project("{FAE04EC0-301F-11D3-BF4B-00C04F79EFBC}") = "Unity.XR.Interaction.Toolkit.Samples.StarterAssets", "Unity.XR.Interaction.Toolkit.Samples.StarterAssets.csproj", "{363CF810-6C8B-FB34-3EEB-14E4709EBA75}"
EndProject
Project("{FAE04EC0-301F-11D3-BF4B-00C04F79EFBC}") = "Assembly-CSharp", "Assembly-CSharp.csproj", "{C19E6B03-FA89-F8F5-6A1B-23EFBD3AF685}"
EndProject
Project("{FAE04EC0-301F-11D3-BF4B-00C04F79EFBC}") = "Unity.XR.Interaction.Toolkit.Samples.Hands", "Unity.XR.Interaction.Toolkit.Samples.Hands.csproj", "{489C9FBF-DC36-413C-1D7B-072F01D56294}"
EndProject
Project("{FAE04EC0-301F-11D3-BF4B-00C04F79EFBC}") = "Unity.XR.Interaction.Toolkit.Samples.Hands.Editor", "Unity.XR.Interaction.Toolkit.Samples.Hands.Editor.csproj", "{22684AC6-1CFE-AFBC-D02C-244D0E44357E}"
EndProject
Global
	GlobalSection(SolutionConfigurationPlatforms) = preSolution
		Debug|Any CPU = Debug|Any CPU
		Release|Any CPU = Release|Any CPU
	EndGlobalSection
	GlobalSection(ProjectConfigurationPlatforms) = postSolution
		{363CF810-6C8B-FB34-3EEB-14E4709EBA75}.Debug|Any CPU.ActiveCfg = Debug|Any CPU
		{363CF810-6C8B-FB34-3EEB-14E4709EBA75}.Debug|Any CPU.Build.0 = Debug|Any CPU
		{363CF810-6C8B-FB34-3EEB-14E4709EBA75}.Release|Any CPU.ActiveCfg = Release|Any CPU
		{363CF810-6C8B-FB34-3EEB-14E4709EBA75}.Release|Any CPU.Build.0 = Release|Any CPU
		{C19E6B03-FA89-F8F5-6A1B-23EFBD3AF685}.Debug|Any CPU.ActiveCfg = Debug|Any CPU
		{C19E6B03-FA89-F8F5-6A1B-23EFBD3AF685}.Debug|Any CPU.Build.0 = Debug|Any CPU
		{C19E6B03-FA89-F8F5-6A1B-23EFBD3AF685}.Release|Any CPU.ActiveCfg = Release|Any CPU
		{C19E6B03-FA89-F8F5-6A1B-23EFBD3AF685}.Release|Any CPU.Build.0 = Release|Any CPU
		{489C9FBF-DC36-413C-1D7B-072F01D56294}.Debug|Any CPU.ActiveCfg = Debug|Any CPU
		{489C9FBF-DC36-413C-1D7B-072F01D56294}.Debug|Any CPU.Build.0 = Debug|Any CPU
		{489C9FBF-DC36-413C-1D7B-072F01D56294}.Release|Any CPU.ActiveCfg = Release|Any CPU
		{489C9FBF-DC36-413C-1D7B-072F01D56294}.Release|Any CPU.Build.0 = Release|Any CPU
		{22684AC6-1CFE-AFBC-D02C-244D0E44357E}.Debug|Any CPU.ActiveCfg = Debug|Any CPU
		{22684AC6-1CFE-AFBC-D02C-244D0E44357E}.Debug|Any CPU.Build.0 = Debug|Any CPU
		{22684AC6-1CFE-AFBC-D02C-244D0E44357E}.Release|Any CPU.ActiveCfg = Release|Any CPU
		{22684AC6-1CFE-AFBC-D02C-244D0E44357E}.Release|Any CPU.Build.0 = Release|Any CPU
	EndGlobalSection
	GlobalSection(SolutionProperties) = preSolution
		HideSolutionNode = FALSE
	EndGlobalSection
EndGlobal
